
Microsoft Visual Studio Solution File, Format Version 12.00
# Visual Studio Version 17
VisualStudioVersion = 17.9.34607.119
MinimumVisualStudioVersion = 10.0.40219.1
Project("{8BC9CEB8-8B4A-11D0-8D11-00A0C91BC942}") = "Structure", "Structure\Structure.vcxproj", "{DE7C7254-DD6E-4501-99E7-3644F6B8C4A2}"
EndProject
Project("{8BC9CEB8-8B4A-11D0-8D11-00A0C91BC942}") = "Structure2", "Structure2\Structure2.vcxproj", "{C855BE23-B45D-41DE-B428-5FEBDF65D591}"
EndProject
Project("{8BC9CEB8-8B4A-11D0-8D11-00A0C91BC942}") = "Structure3", "Structure3\Structure3.vcxproj", "{B7C3B7F0-AD84-4514-BD31-87ED58262ED1}"
EndProject
Project("{8BC9CEB8-8B4A-11D0-8D11-00A0C91BC942}") = "structure4", "structure4\structure4.vcxproj", "{CA011F1B-5642-4AE0-8822-7374BDB00F40}"
EndProject
Global
	GlobalSection(SolutionConfigurationPlatforms) = preSolution
		Debug|x64 = Debug|x64
		Debug|x86 = Debug|x86
		Release|x64 = Release|x64
		Release|x86 = Release|x86
	EndGlobalSection
	GlobalSection(ProjectConfigurationPlatforms) = postSolution
		{DE7C7254-DD6E-4501-99E7-3644F6B8C4A2}.Debug|x64.ActiveCfg = Debug|x64
		{DE7C7254-DD6E-4501-99E7-3644F6B8C4A2}.Debug|x64.Build.0 = Debug|x64
		{DE7C7254-DD6E-4501-99E7-3644F6B8C4A2}.Debug|x86.ActiveCfg = Debug|Win32
		{DE7C7254-DD6E-4501-99E7-3644F6B8C4A2}.Debug|x86.Build.0 = Debug|Win32
		{DE7C7254-DD6E-4501-99E7-3644F6B8C4A2}.Release|x64.ActiveCfg = Release|x64
		{DE7C7254-DD6E-4501-99E7-3644F6B8C4A2}.Release|x64.Build.0 = Release|x64
		{DE7C7254-DD6E-4501-99E7-3644F6B8C4A2}.Release|x86.ActiveCfg = Release|Win32
		{DE7C7254-DD6E-4501-99E7-3644F6B8C4A2}.Release|x86.Build.0 = Release|Win32
		{C855BE23-B45D-41DE-B428-5FEBDF65D591}.Debug|x64.ActiveCfg = Debug|x64
		{C855BE23-B45D-41DE-B428-5FEBDF65D591}.Debug|x64.Build.0 = Debug|x64
		{C855BE23-B45D-41DE-B428-5FEBDF65D591}.Debug|x86.ActiveCfg = Debug|Win32
		{C855BE23-B45D-41DE-B428-5FEBDF65D591}.Debug|x86.Build.0 = Debug|Win32
		{C855BE23-B45D-41DE-B428-5FEBDF65D591}.Release|x64.ActiveCfg = Release|x64
		{C855BE23-B45D-41DE-B428-5FEBDF65D591}.Release|x64.Build.0 = Release|x64
		{C855BE23-B45D-41DE-B428-5FEBDF65D591}.Release|x86.ActiveCfg = Release|Win32
		{C855BE23-B45D-41DE-B428-5FEBDF65D591}.Release|x86.Build.0 = Release|Win32
		{B7C3B7F0-AD84-4514-BD31-87ED58262ED1}.Debug|x64.ActiveCfg = Debug|x64
		{B7C3B7F0-AD84-4514-BD31-87ED58262ED1}.Debug|x64.Build.0 = Debug|x64
		{B7C3B7F0-AD84-4514-BD31-87ED58262ED1}.Debug|x86.ActiveCfg = Debug|Win32
		{B7C3B7F0-AD84-4514-BD31-87ED58262ED1}.Debug|x86.Build.0 = Debug|Win32
		{B7C3B7F0-AD84-4514-BD31-87ED58262ED1}.Release|x64.ActiveCfg = Release|x64
		{B7C3B7F0-AD84-4514-BD31-87ED58262ED1}.Release|x64.Build.0 = Release|x64
		{B7C3B7F0-AD84-4514-BD31-87ED58262ED1}.Release|x86.ActiveCfg = Release|Win32
		{B7C3B7F0-AD84-4514-BD31-87ED58262ED1}.Release|x86.Build.0 = Release|Win32
		{CA011F1B-5642-4AE0-8822-7374BDB00F40}.Debug|x64.ActiveCfg = Debug|x64
		{CA011F1B-5642-4AE0-8822-7374BDB00F40}.Debug|x64.Build.0 = Debug|x64
		{CA011F1B-5642-4AE0-8822-7374BDB00F40}.Debug|x86.ActiveCfg = Debug|Win32
		{CA011F1B-5642-4AE0-8822-7374BDB00F40}.Debug|x86.Build.0 = Debug|Win32
		{CA011F1B-5642-4AE0-8822-7374BDB00F40}.Release|x64.ActiveCfg = Release|x64
		{CA011F1B-5642-4AE0-8822-7374BDB00F40}.Release|x64.Build.0 = Release|x64
		{CA011F1B-5642-4AE0-8822-7374BDB00F40}.Release|x86.ActiveCfg = Release|Win32
		{CA011F1B-5642-4AE0-8822-7374BDB00F40}.Release|x86.Build.0 = Release|Win32
	EndGlobalSection
	GlobalSection(SolutionProperties) = preSolution
		HideSolutionNode = FALSE
	EndGlobalSection
	GlobalSection(ExtensibilityGlobals) = postSolution
		SolutionGuid = {A8D9FA06-0D52-45C9-8663-3EAA29FF8415}
	EndGlobalSection
EndGlobal
